// !$*UTF8*$!
{
	archiveVersion = 1;
	classes = {
	};
	objectVersion = 46;
	objects = {

/* Begin PBXBuildFile section */
		AAC886CA17C43A4A00A0B94C /* UIKit.framework in Frameworks */ = {isa = PBXBuildFile; fileRef = AAC886C917C43A4A00A0B94C /* UIKit.framework */; };
		AAC886CC17C43A4A00A0B94C /* Foundation.framework in Frameworks */ = {isa = PBXBuildFile; fileRef = AAC886CB17C43A4A00A0B94C /* Foundation.framework */; };
		AAC886CE17C43A4A00A0B94C /* CoreGraphics.framework in Frameworks */ = {isa = PBXBuildFile; fileRef = AAC886CD17C43A4A00A0B94C /* CoreGraphics.framework */; };
		AAC886D017C43A4A00A0B94C /* CoreData.framework in Frameworks */ = {isa = PBXBuildFile; fileRef = AAC886CF17C43A4A00A0B94C /* CoreData.framework */; };
		AAC886D617C43A4A00A0B94C /* InfoPlist.strings in Resources */ = {isa = PBXBuildFile; fileRef = AAC886D417C43A4A00A0B94C /* InfoPlist.strings */; };
		AAC886D817C43A4A00A0B94C /* main.m in Sources */ = {isa = PBXBuildFile; fileRef = AAC886D717C43A4A00A0B94C /* main.m */; };
		AAC886DC17C43A4A00A0B94C /* AJAppDelegate.m in Sources */ = {isa = PBXBuildFile; fileRef = AAC886DB17C43A4A00A0B94C /* AJAppDelegate.m */; };
		AAC886DE17C43A4A00A0B94C /* Default.png in Resources */ = {isa = PBXBuildFile; fileRef = AAC886DD17C43A4A00A0B94C /* Default.png */; };
		AAC886E017C43A4A00A0B94C /* Default@2x.png in Resources */ = {isa = PBXBuildFile; fileRef = AAC886DF17C43A4A00A0B94C /* Default@2x.png */; };
		AAC886E217C43A4A00A0B94C /* Default-568h@2x.png in Resources */ = {isa = PBXBuildFile; fileRef = AAC886E117C43A4A00A0B94C /* Default-568h@2x.png */; };
		AAC886E517C43A4A00A0B94C /* SURF_iOS.xcdatamodeld in Sources */ = {isa = PBXBuildFile; fileRef = AAC886E317C43A4A00A0B94C /* SURF_iOS.xcdatamodeld */; };
/* End PBXBuildFile section */

/* Begin PBXFileReference section */
		AAC886C617C43A4A00A0B94C /* SURF iOS.app */ = {isa = PBXFileReference; explicitFileType = wrapper.application; includeInIndex = 0; path = "SURF iOS.app"; sourceTree = BUILT_PRODUCTS_DIR; };
		AAC886C917C43A4A00A0B94C /* UIKit.framework */ = {isa = PBXFileReference; lastKnownFileType = wrapper.framework; name = UIKit.framework; path = System/Library/Frameworks/UIKit.framework; sourceTree = SDKROOT; };
		AAC886CB17C43A4A00A0B94C /* Foundation.framework */ = {isa = PBXFileReference; lastKnownFileType = wrapper.framework; name = Foundation.framework; path = System/Library/Frameworks/Foundation.framework; sourceTree = SDKROOT; };
		AAC886CD17C43A4A00A0B94C /* CoreGraphics.framework */ = {isa = PBXFileReference; lastKnownFileType = wrapper.framework; name = CoreGraphics.framework; path = System/Library/Frameworks/CoreGraphics.framework; sourceTree = SDKROOT; };
		AAC886CF17C43A4A00A0B94C /* CoreData.framework */ = {isa = PBXFileReference; lastKnownFileType = wrapper.framework; name = CoreData.framework; path = System/Library/Frameworks/CoreData.framework; sourceTree = SDKROOT; };
		AAC886D317C43A4A00A0B94C /* SURF iOS-Info.plist */ = {isa = PBXFileReference; lastKnownFileType = text.plist.xml; path = "SURF iOS-Info.plist"; sourceTree = "<group>"; };
		AAC886D517C43A4A00A0B94C /* en */ = {isa = PBXFileReference; lastKnownFileType = text.plist.strings; name = en; path = en.lproj/InfoPlist.strings; sourceTree = "<group>"; };
		AAC886D717C43A4A00A0B94C /* main.m */ = {isa = PBXFileReference; lastKnownFileType = sourcecode.c.objc; path = main.m; sourceTree = "<group>"; };
		AAC886D917C43A4A00A0B94C /* SURF iOS-Prefix.pch */ = {isa = PBXFileReference; lastKnownFileType = sourcecode.c.h; path = "SURF iOS-Prefix.pch"; sourceTree = "<group>"; };
		AAC886DA17C43A4A00A0B94C /* AJAppDelegate.h */ = {isa = PBXFileReference; lastKnownFileType = sourcecode.c.h; path = AJAppDelegate.h; sourceTree = "<group>"; };
		AAC886DB17C43A4A00A0B94C /* AJAppDelegate.m */ = {isa = PBXFileReference; lastKnownFileType = sourcecode.c.objc; path = AJAppDelegate.m; sourceTree = "<group>"; };
		AAC886DD17C43A4A00A0B94C /* Default.png */ = {isa = PBXFileReference; lastKnownFileType = image.png; path = Default.png; sourceTree = "<group>"; };
		AAC886DF17C43A4A00A0B94C /* Default@2x.png */ = {isa = PBXFileReference; lastKnownFileType = image.png; path = "Default@2x.png"; sourceTree = "<group>"; };
		AAC886E117C43A4A00A0B94C /* Default-568h@2x.png */ = {isa = PBXFileReference; lastKnownFileType = image.png; path = "Default-568h@2x.png"; sourceTree = "<group>"; };
		AAC886E417C43A4A00A0B94C /* SURF_iOS.xcdatamodel */ = {isa = PBXFileReference; lastKnownFileType = wrapper.xcdatamodel; path = SURF_iOS.xcdatamodel; sourceTree = "<group>"; };
/* End PBXFileReference section */

/* Begin PBXFrameworksBuildPhase section */
		AAC886C317C43A4A00A0B94C /* Frameworks */ = {
			isa = PBXFrameworksBuildPhase;
			buildActionMask = 2147483647;
			files = (
				AAC886CA17C43A4A00A0B94C /* UIKit.framework in Frameworks */,
				AAC886CC17C43A4A00A0B94C /* Foundation.framework in Frameworks */,
				AAC886CE17C43A4A00A0B94C /* CoreGraphics.framework in Frameworks */,
				AAC886D017C43A4A00A0B94C /* CoreData.framework in Frameworks */,
			);
			runOnlyForDeploymentPostprocessing = 0;
		};
/* End PBXFrameworksBuildPhase section */

/* Begin PBXGroup section */
		AAC886BD17C43A4A00A0B94C = {
			isa = PBXGroup;
			children = (
				AAC886D117C43A4A00A0B94C /* SURF iOS */,
				AAC886C817C43A4A00A0B94C /* Frameworks */,
				AAC886C717C43A4A00A0B94C /* Products */,
			);
			sourceTree = "<group>";
		};
		AAC886C717C43A4A00A0B94C /* Products */ = {
			isa = PBXGroup;
			children = (
				AAC886C617C43A4A00A0B94C /* SURF iOS.app */,
			);
			name = Products;
			sourceTree = "<group>";
		};
		AAC886C817C43A4A00A0B94C /* Frameworks */ = {
			isa = PBXGroup;
			children = (
				AAC886C917C43A4A00A0B94C /* UIKit.framework */,
				AAC886CB17C43A4A00A0B94C /* Foundation.framework */,
				AAC886CD17C43A4A00A0B94C /* CoreGraphics.framework */,
				AAC886CF17C43A4A00A0B94C /* CoreData.framework */,
			);
			name = Frameworks;
			sourceTree = "<group>";
		};
		AAC886D117C43A4A00A0B94C /* SURF iOS */ = {
			isa = PBXGroup;
			children = (
				AAC886DA17C43A4A00A0B94C /* AJAppDelegate.h */,
				AAC886DB17C43A4A00A0B94C /* AJAppDelegate.m */,
				AAC886E317C43A4A00A0B94C /* SURF_iOS.xcdatamodeld */,
				AAC886D217C43A4A00A0B94C /* Supporting Files */,
			);
			path = "SURF iOS";
			sourceTree = "<group>";
		};
		AAC886D217C43A4A00A0B94C /* Supporting Files */ = {
			isa = PBXGroup;
			children = (
				AAC886D317C43A4A00A0B94C /* SURF iOS-Info.plist */,
				AAC886D417C43A4A00A0B94C /* InfoPlist.strings */,
				AAC886D717C43A4A00A0B94C /* main.m */,
				AAC886D917C43A4A00A0B94C /* SURF iOS-Prefix.pch */,
				AAC886DD17C43A4A00A0B94C /* Default.png */,
				AAC886DF17C43A4A00A0B94C /* Default@2x.png */,
				AAC886E117C43A4A00A0B94C /* Default-568h@2x.png */,
			);
			name = "Supporting Files";
			sourceTree = "<group>";
		};
/* End PBXGroup section */

/* Begin PBXNativeTarget section */
		AAC886C517C43A4A00A0B94C /* SURF iOS */ = {
			isa = PBXNativeTarget;
			buildConfigurationList = AAC886E817C43A4A00A0B94C /* Build configuration list for PBXNativeTarget "SURF iOS" */;
			buildPhases = (
				AAC886C217C43A4A00A0B94C /* Sources */,
				AAC886C317C43A4A00A0B94C /* Frameworks */,
				AAC886C417C43A4A00A0B94C /* Resources */,
			);
			buildRules = (
			);
			dependencies = (
			);
			name = "SURF iOS";
			productName = "SURF iOS";
			productReference = AAC886C617C43A4A00A0B94C /* SURF iOS.app */;
			productType = "com.apple.product-type.application";
		};
/* End PBXNativeTarget section */

/* Begin PBXProject section */
		AAC886BE17C43A4A00A0B94C /* Project object */ = {
			isa = PBXProject;
			attributes = {
				CLASSPREFIX = AJ;
				LastUpgradeCheck = 0460;
				ORGANIZATIONNAME = "Alexander Jacobs";
			};
			buildConfigurationList = AAC886C117C43A4A00A0B94C /* Build configuration list for PBXProject "SURF iOS" */;
			compatibilityVersion = "Xcode 3.2";
			developmentRegion = English;
			hasScannedForEncodings = 0;
			knownRegions = (
				en,
			);
			mainGroup = AAC886BD17C43A4A00A0B94C;
			productRefGroup = AAC886C717C43A4A00A0B94C /* Products */;
			projectDirPath = "";
			projectRoot = "";
			targets = (
				AAC886C517C43A4A00A0B94C /* SURF iOS */,
			);
		};
/* End PBXProject section */

/* Begin PBXResourcesBuildPhase section */
		AAC886C417C43A4A00A0B94C /* Resources */ = {
			isa = PBXResourcesBuildPhase;
			buildActionMask = 2147483647;
			files = (
				AAC886D617C43A4A00A0B94C /* InfoPlist.strings in Resources */,
				AAC886DE17C43A4A00A0B94C /* Default.png in Resources */,
				AAC886E017C43A4A00A0B94C /* Default@2x.png in Resources */,
				AAC886E217C43A4A00A0B94C /* Default-568h@2x.png in Resources */,
			);
			runOnlyForDeploymentPostprocessing = 0;
		};
/* End PBXResourcesBuildPhase section */

/* Begin PBXSourcesBuildPhase section */
		AAC886C217C43A4A00A0B94C /* Sources */ = {
			isa = PBXSourcesBuildPhase;
			buildActionMask = 2147483647;
			files = (
				AAC886D817C43A4A00A0B94C /* main.m in Sources */,
				AAC886DC17C43A4A00A0B94C /* AJAppDelegate.m in Sources */,
				AAC886E517C43A4A00A0B94C /* SURF_iOS.xcdatamodeld in Sources */,
			);
			runOnlyForDeploymentPostprocessing = 0;
		};
/* End PBXSourcesBuildPhase section */

/* Begin PBXVariantGroup section */
		AAC886D417C43A4A00A0B94C /* InfoPlist.strings */ = {
			isa = PBXVariantGroup;
			children = (
				AAC886D517C43A4A00A0B94C /* en */,
			);
			name = InfoPlist.strings;
			sourceTree = "<group>";
		};
/* End PBXVariantGroup section */

/* Begin XCBuildConfiguration section */
		AAC886E617C43A4A00A0B94C /* Debug */ = {
			isa = XCBuildConfiguration;
			buildSettings = {
				ALWAYS_SEARCH_USER_PATHS = NO;
				CLANG_CXX_LANGUAGE_STANDARD = "gnu++0x";
				CLANG_CXX_LIBRARY = "libc++";
				CLANG_WARN_CONSTANT_CONVERSION = YES;
				CLANG_WARN_EMPTY_BODY = YES;
				CLANG_WARN_ENUM_CONVERSION = YES;
				CLANG_WARN_INT_CONVERSION = YES;
				CLANG_WARN__DUPLICATE_METHOD_MATCH = YES;
				"CODE_SIGN_IDENTITY[sdk=iphoneos*]" = "iPhone Developer";
				COPY_PHASE_STRIP = NO;
				GCC_C_LANGUAGE_STANDARD = gnu99;
				GCC_DYNAMIC_NO_PIC = NO;
				GCC_OPTIMIZATION_LEVEL = 0;
				GCC_PREPROCESSOR_DEFINITIONS = (
					"DEBUG=1",
					"$(inherited)",
				);
				GCC_SYMBOLS_PRIVATE_EXTERN = NO;
				GCC_WARN_ABOUT_RETURN_TYPE = YES;
				GCC_WARN_UNINITIALIZED_AUTOS = YES;
				GCC_WARN_UNUSED_VARIABLE = YES;
				IPHONEOS_DEPLOYMENT_TARGET = 6.1;
				ONLY_ACTIVE_ARCH = YES;
				SDKROOT = iphoneos;
				TARGETED_DEVICE_FAMILY = "1,2";
			};
			name = Debug;
		};
		AAC886E717C43A4A00A0B94C /* Release */ = {
			isa = XCBuildConfiguration;
			buildSettings = {
				ALWAYS_SEARCH_USER_PATHS = NO;
				CLANG_CXX_LANGUAGE_STANDARD = "gnu++0x";
				CLANG_CXX_LIBRARY = "libc++";
				CLANG_WARN_CONSTANT_CONVERSION = YES;
				CLANG_WARN_EMPTY_BODY = YES;
				CLANG_WARN_ENUM_CONVERSION = YES;
				CLANG_WARN_INT_CONVERSION = YES;
				CLANG_WARN__DUPLICATE_METHOD_MATCH = YES;
				"CODE_SIGN_IDENTITY[sdk=iphoneos*]" = "iPhone Developer";
				COPY_PHASE_STRIP = YES;
				GCC_C_LANGUAGE_STANDARD = gnu99;
				GCC_WARN_ABOUT_RETURN_TYPE = YES;
				GCC_WARN_UNINITIALIZED_AUTOS = YES;
				GCC_WARN_UNUSED_VARIABLE = YES;
				IPHONEOS_DEPLOYMENT_TARGET = 6.1;
				OTHER_CFLAGS = "-DNS_BLOCK_ASSERTIONS=1";
				SDKROOT = iphoneos;
				TARGETED_DEVICE_FAMILY = "1,2";
				VALIDATE_PRODUCT = YES;
			};
			name = Release;
		};
		AAC886E917C43A4A00A0B94C /* Debug */ = {
			isa = XCBuildConfiguration;
			buildSettings = {
				GCC_PRECOMPILE_PREFIX_HEADER = YES;
				GCC_PREFIX_HEADER = "SURF iOS/SURF iOS-Prefix.pch";
				INFOPLIST_FILE = "SURF iOS/SURF iOS-Info.plist";
				PRODUCT_NAME = "$(TARGET_NAME)";
				WRAPPER_EXTENSION = app;
			};
			name = Debug;
		};
		AAC886EA17C43A4A00A0B94C /* Release */ = {
			isa = XCBuildConfiguration;
			buildSettings = {
				GCC_PRECOMPILE_PREFIX_HEADER = YES;
				GCC_PREFIX_HEADER = "SURF iOS/SURF iOS-Prefix.pch";
				INFOPLIST_FILE = "SURF iOS/SURF iOS-Info.plist";
				PRODUCT_NAME = "$(TARGET_NAME)";
				WRAPPER_EXTENSION = app;
			};
			name = Release;
		};
/* End XCBuildConfiguration section */

/* Begin XCConfigurationList section */
		AAC886C117C43A4A00A0B94C /* Build configuration list for PBXProject "SURF iOS" */ = {
			isa = XCConfigurationList;
			buildConfigurations = (
				AAC886E617C43A4A00A0B94C /* Debug */,
				AAC886E717C43A4A00A0B94C /* Release */,
			);
			defaultConfigurationIsVisible = 0;
			defaultConfigurationName = Release;
		};
		AAC886E817C43A4A00A0B94C /* Build configuration list for PBXNativeTarget "SURF iOS" */ = {
			isa = XCConfigurationList;
			buildConfigurations = (
				AAC886E917C43A4A00A0B94C /* Debug */,
				AAC886EA17C43A4A00A0B94C /* Release */,
			);
			defaultConfigurationIsVisible = 0;
		};
/* End XCConfigurationList section */

/* Begin XCVersionGroup section */
		AAC886E317C43A4A00A0B94C /* SURF_iOS.xcdatamodeld */ = {
			isa = XCVersionGroup;
			children = (
				AAC886E417C43A4A00A0B94C /* SURF_iOS.xcdatamodel */,
			);
			currentVersion = AAC886E417C43A4A00A0B94C /* SURF_iOS.xcdatamodel */;
			path = SURF_iOS.xcdatamodeld;
			sourceTree = "<group>";
			versionGroupType = wrapper.xcdatamodel;
		};
/* End XCVersionGroup section */
	};
	rootObject = AAC886BE17C43A4A00A0B94C /* Project object */;
}
